
Microsoft Visual Studio Solution File, Format Version 12.00
# Visual Studio 15
VisualStudioVersion = 15.0.28010.2046
MinimumVisualStudioVersion = 10.0.40219.1
Project("{9A19103F-16F7-4668-BE54-9A1E7A4F7556}") = "CentralHRService", "CentralHRService\CentralHRService.csproj", "{7AA9E490-9C9E-4473-BEA5-B1E4FAD194A0}"
EndProject
Project("{9A19103F-16F7-4668-BE54-9A1E7A4F7556}") = "CentralHRTests", "CentralHRTests\CentralHRTests.csproj", "{FACD43DB-7E52-45F9-A310-837AD35B4310}"
EndProject
Project("{00D1A9C2-B5F0-4AF3-8072-F6C62B433612}") = "CentralHRDatabase", "CentralHRDatabase\CentralHRDatabase.sqlproj", "{E3B55589-D290-4E0F-B9BE-852F46A97BD1}"
EndProject
Global
	GlobalSection(SolutionConfigurationPlatforms) = preSolution
		Debug|Any CPU = Debug|Any CPU
		Release|Any CPU = Release|Any CPU
	EndGlobalSection
	GlobalSection(ProjectConfigurationPlatforms) = postSolution
		{7AA9E490-9C9E-4473-BEA5-B1E4FAD194A0}.Debug|Any CPU.ActiveCfg = Debug|Any CPU
		{7AA9E490-9C9E-4473-BEA5-B1E4FAD194A0}.Debug|Any CPU.Build.0 = Debug|Any CPU
		{7AA9E490-9C9E-4473-BEA5-B1E4FAD194A0}.Release|Any CPU.ActiveCfg = Release|Any CPU
		{7AA9E490-9C9E-4473-BEA5-B1E4FAD194A0}.Release|Any CPU.Build.0 = Release|Any CPU
		{FACD43DB-7E52-45F9-A310-837AD35B4310}.Debug|Any CPU.ActiveCfg = Debug|Any CPU
		{FACD43DB-7E52-45F9-A310-837AD35B4310}.Debug|Any CPU.Build.0 = Debug|Any CPU
		{FACD43DB-7E52-45F9-A310-837AD35B4310}.Release|Any CPU.ActiveCfg = Release|Any CPU
		{FACD43DB-7E52-45F9-A310-837AD35B4310}.Release|Any CPU.Build.0 = Release|Any CPU
		{E3B55589-D290-4E0F-B9BE-852F46A97BD1}.Debug|Any CPU.ActiveCfg = Debug|Any CPU
		{E3B55589-D290-4E0F-B9BE-852F46A97BD1}.Debug|Any CPU.Build.0 = Debug|Any CPU
		{E3B55589-D290-4E0F-B9BE-852F46A97BD1}.Debug|Any CPU.Deploy.0 = Debug|Any CPU
		{E3B55589-D290-4E0F-B9BE-852F46A97BD1}.Release|Any CPU.ActiveCfg = Release|Any CPU
		{E3B55589-D290-4E0F-B9BE-852F46A97BD1}.Release|Any CPU.Build.0 = Release|Any CPU
		{E3B55589-D290-4E0F-B9BE-852F46A97BD1}.Release|Any CPU.Deploy.0 = Release|Any CPU
	EndGlobalSection
	GlobalSection(SolutionProperties) = preSolution
		HideSolutionNode = FALSE
	EndGlobalSection
	GlobalSection(ExtensibilityGlobals) = postSolution
		SolutionGuid = {335AB4B0-D5C0-406B-A775-678FBF0A2596}
	EndGlobalSection
EndGlobal
